
Microsoft Visual Studio Solution File, Format Version 12.00
# Visual Studio Version 17
VisualStudioVersion = 17.5.002.0
MinimumVisualStudioVersion = 10.0.40219.1
Project("{2150E333-8FDC-42A3-9474-1A3956D46DE8}") = "Back", "Back", "{D501544B-2696-4DB4-9F04-7F9BA23C3B11}"
EndProject
Project("{2150E333-8FDC-42A3-9474-1A3956D46DE8}") = "src", "src", "{76851A37-6652-4FEB-B56A-BC4E490296F3}"
EndProject
Project("{9A19103F-16F7-4668-BE54-9A1E7A4F7556}") = "ProEventos.API", "Back\src\ProEventos.API\ProEventos.API.csproj", "{E42338B2-F4AC-4053-93F6-80F3285CB530}"
EndProject
Global
	GlobalSection(SolutionConfigurationPlatforms) = preSolution
		Debug|Any CPU = Debug|Any CPU
		Release|Any CPU = Release|Any CPU
	EndGlobalSection
	GlobalSection(ProjectConfigurationPlatforms) = postSolution
		{E42338B2-F4AC-4053-93F6-80F3285CB530}.Debug|Any CPU.ActiveCfg = Debug|Any CPU
		{E42338B2-F4AC-4053-93F6-80F3285CB530}.Debug|Any CPU.Build.0 = Debug|Any CPU
		{E42338B2-F4AC-4053-93F6-80F3285CB530}.Release|Any CPU.ActiveCfg = Release|Any CPU
		{E42338B2-F4AC-4053-93F6-80F3285CB530}.Release|Any CPU.Build.0 = Release|Any CPU
	EndGlobalSection
	GlobalSection(SolutionProperties) = preSolution
		HideSolutionNode = FALSE
	EndGlobalSection
	GlobalSection(NestedProjects) = preSolution
		{76851A37-6652-4FEB-B56A-BC4E490296F3} = {D501544B-2696-4DB4-9F04-7F9BA23C3B11}
		{E42338B2-F4AC-4053-93F6-80F3285CB530} = {76851A37-6652-4FEB-B56A-BC4E490296F3}
	EndGlobalSection
	GlobalSection(ExtensibilityGlobals) = postSolution
		SolutionGuid = {352D0B04-D7DA-4070-B6F4-FE95121810FB}
	EndGlobalSection
EndGlobal
